// !$*UTF8*$!
{
	archiveVersion = 1;
	classes = {
	};
	objectVersion = 77;
	objects = {

/* Begin PBXBuildFile section */
		B7B0921E2CD8474B002B6229 /* Main.swift in Sources */ = {isa = PBXBuildFile; fileRef = B7B0921C2CD84748002B6229 /* Main.swift */; };
		B7B092212CD847AA002B6229 /* RatingView.swift in Sources */ = {isa = PBXBuildFile; fileRef = B7B0921F2CD847A0002B6229 /* RatingView.swift */; };
/* End PBXBuildFile section */

/* Begin PBXContainerItemProxy section */
		B7B092002CD83E80002B6229 /* PBXContainerItemProxy */ = {
			isa = PBXContainerItemProxy;
			containerPortal = B7B091E72CD83E7E002B6229 /* Project object */;
			proxyType = 1;
			remoteGlobalIDString = B7B091EE2CD83E7E002B6229;
			remoteInfo = MealRater;
		};
		B7B0920A2CD83E80002B6229 /* PBXContainerItemProxy */ = {
			isa = PBXContainerItemProxy;
			containerPortal = B7B091E72CD83E7E002B6229 /* Project object */;
			proxyType = 1;
			remoteGlobalIDString = B7B091EE2CD83E7E002B6229;
			remoteInfo = MealRater;
		};
/* End PBXContainerItemProxy section */

/* Begin PBXFileReference section */
		B7B091EF2CD83E7E002B6229 /* MealRater.app */ = {isa = PBXFileReference; explicitFileType = wrapper.application; includeInIndex = 0; path = MealRater.app; sourceTree = BUILT_PRODUCTS_DIR; };
		B7B091FF2CD83E80002B6229 /* MealRaterTests.xctest */ = {isa = PBXFileReference; explicitFileType = wrapper.cfbundle; includeInIndex = 0; path = MealRaterTests.xctest; sourceTree = BUILT_PRODUCTS_DIR; };
		B7B092092CD83E80002B6229 /* MealRaterUITests.xctest */ = {isa = PBXFileReference; explicitFileType = wrapper.cfbundle; includeInIndex = 0; path = MealRaterUITests.xctest; sourceTree = BUILT_PRODUCTS_DIR; };
		B7B0921C2CD84748002B6229 /* Main.swift */ = {isa = PBXFileReference; lastKnownFileType = sourcecode.swift; path = Main.swift; sourceTree = "<group>"; };
		B7B0921F2CD847A0002B6229 /* RatingView.swift */ = {isa = PBXFileReference; lastKnownFileType = sourcecode.swift; path = RatingView.swift; sourceTree = "<group>"; };
/* End PBXFileReference section */

/* Begin PBXFileSystemSynchronizedRootGroup section */
		B7B091F12CD83E7E002B6229 /* MealRater */ = {
			isa = PBXFileSystemSynchronizedRootGroup;
			path = MealRater;
			sourceTree = "<group>";
		};
		B7B092022CD83E80002B6229 /* MealRaterTests */ = {
			isa = PBXFileSystemSynchronizedRootGroup;
			path = MealRaterTests;
			sourceTree = "<group>";
		};
		B7B0920C2CD83E80002B6229 /* MealRaterUITests */ = {
			isa = PBXFileSystemSynchronizedRootGroup;
			path = MealRaterUITests;
			sourceTree = "<group>";
		};
/* End PBXFileSystemSynchronizedRootGroup section */

/* Begin PBXFrameworksBuildPhase section */
		B7B091EC2CD83E7E002B6229 /* Frameworks */ = {
			isa = PBXFrameworksBuildPhase;
			buildActionMask = 2147483647;
			files = (
			);
			runOnlyForDeploymentPostprocessing = 0;
		};
		B7B091FC2CD83E80002B6229 /* Frameworks */ = {
			isa = PBXFrameworksBuildPhase;
			buildActionMask = 2147483647;
			files = (
			);
			runOnlyForDeploymentPostprocessing = 0;
		};
		B7B092062CD83E80002B6229 /* Frameworks */ = {
			isa = PBXFrameworksBuildPhase;
			buildActionMask = 2147483647;
			files = (
			);
			runOnlyForDeploymentPostprocessing = 0;
		};
/* End PBXFrameworksBuildPhase section */

/* Begin PBXGroup section */
		B7B091E62CD83E7E002B6229 = {
			isa = PBXGroup;
			children = (
				B7B091F12CD83E7E002B6229 /* MealRater */,
				B7B092022CD83E80002B6229 /* MealRaterTests */,
				B7B0920C2CD83E80002B6229 /* MealRaterUITests */,
				B7B091F02CD83E7E002B6229 /* Products */,
				B7B0921C2CD84748002B6229 /* Main.swift */,
				B7B0921F2CD847A0002B6229 /* RatingView.swift */,
			);
			sourceTree = "<group>";
		};
		B7B091F02CD83E7E002B6229 /* Products */ = {
			isa = PBXGroup;
			children = (
				B7B091EF2CD83E7E002B6229 /* MealRater.app */,
				B7B091FF2CD83E80002B6229 /* MealRaterTests.xctest */,
				B7B092092CD83E80002B6229 /* MealRaterUITests.xctest */,
			);
			name = Products;
			sourceTree = "<group>";
		};
/* End PBXGroup section */

/* Begin PBXNativeTarget section */
		B7B091EE2CD83E7E002B6229 /* MealRater */ = {
			isa = PBXNativeTarget;
			buildConfigurationList = B7B092132CD83E80002B6229 /* Build configuration list for PBXNativeTarget "MealRater" */;
			buildPhases = (
				B7B091EB2CD83E7E002B6229 /* Sources */,
				B7B091EC2CD83E7E002B6229 /* Frameworks */,
				B7B091ED2CD83E7E002B6229 /* Resources */,
			);
			buildRules = (
			);
			dependencies = (
			);
			fileSystemSynchronizedGroups = (
				B7B091F12CD83E7E002B6229 /* MealRater */,
			);
			name = MealRater;
			packageProductDependencies = (
			);
			productName = MealRater;
			productReference = B7B091EF2CD83E7E002B6229 /* MealRater.app */;
			productType = "com.apple.product-type.application";
		};
		B7B091FE2CD83E80002B6229 /* MealRaterTests */ = {
			isa = PBXNativeTarget;
			buildConfigurationList = B7B092162CD83E80002B6229 /* Build configuration list for PBXNativeTarget "MealRaterTests" */;
			buildPhases = (
				B7B091FB2CD83E80002B6229 /* Sources */,
				B7B091FC2CD83E80002B6229 /* Frameworks */,
				B7B091FD2CD83E80002B6229 /* Resources */,
			);
			buildRules = (
			);
			dependencies = (
				B7B092012CD83E80002B6229 /* PBXTargetDependency */,
			);
			fileSystemSynchronizedGroups = (
				B7B092022CD83E80002B6229 /* MealRaterTests */,
			);
			name = MealRaterTests;
			packageProductDependencies = (
			);
			productName = MealRaterTests;
			productReference = B7B091FF2CD83E80002B6229 /* MealRaterTests.xctest */;
			productType = "com.apple.product-type.bundle.unit-test";
		};
		B7B092082CD83E80002B6229 /* MealRaterUITests */ = {
			isa = PBXNativeTarget;
			buildConfigurationList = B7B092192CD83E80002B6229 /* Build configuration list for PBXNativeTarget "MealRaterUITests" */;
			buildPhases = (
				B7B092052CD83E80002B6229 /* Sources */,
				B7B092062CD83E80002B6229 /* Frameworks */,
				B7B092072CD83E80002B6229 /* Resources */,
			);
			buildRules = (
			);
			dependencies = (
				B7B0920B2CD83E80002B6229 /* PBXTargetDependency */,
			);
			fileSystemSynchronizedGroups = (
				B7B0920C2CD83E80002B6229 /* MealRaterUITests */,
			);
			name = MealRaterUITests;
			packageProductDependencies = (
			);
			productName = MealRaterUITests;
			productReference = B7B092092CD83E80002B6229 /* MealRaterUITests.xctest */;
			productType = "com.apple.product-type.bundle.ui-testing";
		};
/* End PBXNativeTarget section */

/* Begin PBXProject section */
		B7B091E72CD83E7E002B6229 /* Project object */ = {
			isa = PBXProject;
			attributes = {
				BuildIndependentTargetsInParallel = 1;
				LastSwiftUpdateCheck = 1610;
				LastUpgradeCheck = 1610;
				TargetAttributes = {
					B7B091EE2CD83E7E002B6229 = {
						CreatedOnToolsVersion = 16.1;
					};
					B7B091FE2CD83E80002B6229 = {
						CreatedOnToolsVersion = 16.1;
						TestTargetID = B7B091EE2CD83E7E002B6229;
					};
					B7B092082CD83E80002B6229 = {
						CreatedOnToolsVersion = 16.1;
						TestTargetID = B7B091EE2CD83E7E002B6229;
					};
				};
			};
			buildConfigurationList = B7B091EA2CD83E7E002B6229 /* Build configuration list for PBXProject "MealRater" */;
			developmentRegion = en;
			hasScannedForEncodings = 0;
			knownRegions = (
				en,
				Base,
			);
			mainGroup = B7B091E62CD83E7E002B6229;
			minimizedProjectReferenceProxies = 1;
			preferredProjectObjectVersion = 77;
			productRefGroup = B7B091F02CD83E7E002B6229 /* Products */;
			projectDirPath = "";
			projectRoot = "";
			targets = (
				B7B091EE2CD83E7E002B6229 /* MealRater */,
				B7B091FE2CD83E80002B6229 /* MealRaterTests */,
				B7B092082CD83E80002B6229 /* MealRaterUITests */,
			);
		};
/* End PBXProject section */

/* Begin PBXResourcesBuildPhase section */
		B7B091ED2CD83E7E002B6229 /* Resources */ = {
			isa = PBXResourcesBuildPhase;
			buildActionMask = 2147483647;
			files = (
			);
			runOnlyForDeploymentPostprocessing = 0;
		};
		B7B091FD2CD83E80002B6229 /* Resources */ = {
			isa = PBXResourcesBuildPhase;
			buildActionMask = 2147483647;
			files = (
			);
			runOnlyForDeploymentPostprocessing = 0;
		};
		B7B092072CD83E80002B6229 /* Resources */ = {
			isa = PBXResourcesBuildPhase;
			buildActionMask = 2147483647;
			files = (
			);
			runOnlyForDeploymentPostprocessing = 0;
		};
/* End PBXResourcesBuildPhase section */

/* Begin PBXSourcesBuildPhase section */
		B7B091EB2CD83E7E002B6229 /* Sources */ = {
			isa = PBXSourcesBuildPhase;
			buildActionMask = 2147483647;
			files = (
				B7B092212CD847AA002B6229 /* RatingView.swift in Sources */,
				B7B0921E2CD8474B002B6229 /* Main.swift in Sources */,
			);
			runOnlyForDeploymentPostprocessing = 0;
		};
		B7B091FB2CD83E80002B6229 /* Sources */ = {
			isa = PBXSourcesBuildPhase;
			buildActionMask = 2147483647;
			files = (
			);
			runOnlyForDeploymentPostprocessing = 0;
		};
		B7B092052CD83E80002B6229 /* Sources */ = {
			isa = PBXSourcesBuildPhase;
			buildActionMask = 2147483647;
			files = (
			);
			runOnlyForDeploymentPostprocessing = 0;
		};
/* End PBXSourcesBuildPhase section */

/* Begin PBXTargetDependency section */
		B7B092012CD83E80002B6229 /* PBXTargetDependency */ = {
			isa = PBXTargetDependency;
			target = B7B091EE2CD83E7E002B6229 /* MealRater */;
			targetProxy = B7B092002CD83E80002B6229 /* PBXContainerItemProxy */;
		};
		B7B0920B2CD83E80002B6229 /* PBXTargetDependency */ = {
			isa = PBXTargetDependency;
			target = B7B091EE2CD83E7E002B6229 /* MealRater */;
			targetProxy = B7B0920A2CD83E80002B6229 /* PBXContainerItemProxy */;
		};
/* End PBXTargetDependency section */

/* Begin XCBuildConfiguration section */
		B7B092112CD83E80002B6229 /* Debug */ = {
			isa = XCBuildConfiguration;
			buildSettings = {
				ALWAYS_SEARCH_USER_PATHS = NO;
				ASSETCATALOG_COMPILER_GENERATE_SWIFT_ASSET_SYMBOL_EXTENSIONS = YES;
				CLANG_ANALYZER_NONNULL = YES;
				CLANG_ANALYZER_NUMBER_OBJECT_CONVERSION = YES_AGGRESSIVE;
				CLANG_CXX_LANGUAGE_STANDARD = "gnu++20";
				CLANG_ENABLE_MODULES = YES;
				CLANG_ENABLE_OBJC_ARC = YES;
				CLANG_ENABLE_OBJC_WEAK = YES;
				CLANG_WARN_BLOCK_CAPTURE_AUTORELEASING = YES;
				CLANG_WARN_BOOL_CONVERSION = YES;
				CLANG_WARN_COMMA = YES;
				CLANG_WARN_CONSTANT_CONVERSION = YES;
				CLANG_WARN_DEPRECATED_OBJC_IMPLEMENTATIONS = YES;
				CLANG_WARN_DIRECT_OBJC_ISA_USAGE = YES_ERROR;
				CLANG_WARN_DOCUMENTATION_COMMENTS = YES;
				CLANG_WARN_EMPTY_BODY = YES;
				CLANG_WARN_ENUM_CONVERSION = YES;
				CLANG_WARN_INFINITE_RECURSION = YES;
				CLANG_WARN_INT_CONVERSION = YES;
				CLANG_WARN_NON_LITERAL_NULL_CONVERSION = YES;
				CLANG_WARN_OBJC_IMPLICIT_RETAIN_SELF = YES;
				CLANG_WARN_OBJC_LITERAL_CONVERSION = YES;
				CLANG_WARN_OBJC_ROOT_CLASS = YES_ERROR;
				CLANG_WARN_QUOTED_INCLUDE_IN_FRAMEWORK_HEADER = YES;
				CLANG_WARN_RANGE_LOOP_ANALYSIS = YES;
				CLANG_WARN_STRICT_PROTOTYPES = YES;
				CLANG_WARN_SUSPICIOUS_MOVE = YES;
				CLANG_WARN_UNGUARDED_AVAILABILITY = YES_AGGRESSIVE;
				CLANG_WARN_UNREACHABLE_CODE = YES;
				CLANG_WARN__DUPLICATE_METHOD_MATCH = YES;
				COPY_PHASE_STRIP = NO;
				DEBUG_INFORMATION_FORMAT = dwarf;
				ENABLE_STRICT_OBJC_MSGSEND = YES;
				ENABLE_TESTABILITY = YES;
				ENABLE_USER_SCRIPT_SANDBOXING = YES;
				GCC_C_LANGUAGE_STANDARD = gnu17;
				GCC_DYNAMIC_NO_PIC = NO;
				GCC_NO_COMMON_BLOCKS = YES;
				GCC_OPTIMIZATION_LEVEL = 0;
				GCC_PREPROCESSOR_DEFINITIONS = (
					"DEBUG=1",
					"$(inherited)",
				);
				GCC_WARN_64_TO_32_BIT_CONVERSION = YES;
				GCC_WARN_ABOUT_RETURN_TYPE = YES_ERROR;
				GCC_WARN_UNDECLARED_SELECTOR = YES;
				GCC_WARN_UNINITIALIZED_AUTOS = YES_AGGRESSIVE;
				GCC_WARN_UNUSED_FUNCTION = YES;
				GCC_WARN_UNUSED_VARIABLE = YES;
				IPHONEOS_DEPLOYMENT_TARGET = 18.1;
				LOCALIZATION_PREFERS_STRING_CATALOGS = YES;
				MTL_ENABLE_DEBUG_INFO = INCLUDE_SOURCE;
				MTL_FAST_MATH = YES;
				ONLY_ACTIVE_ARCH = YES;
				SDKROOT = iphoneos;
				SWIFT_ACTIVE_COMPILATION_CONDITIONS = "DEBUG $(inherited)";
				SWIFT_OPTIMIZATION_LEVEL = "-Onone";
			};
			name = Debug;
		};
		B7B092122CD83E80002B6229 /* Release */ = {
			isa = XCBuildConfiguration;
			buildSettings = {
				ALWAYS_SEARCH_USER_PATHS = NO;
				ASSETCATALOG_COMPILER_GENERATE_SWIFT_ASSET_SYMBOL_EXTENSIONS = YES;
				CLANG_ANALYZER_NONNULL = YES;
				CLANG_ANALYZER_NUMBER_OBJECT_CONVERSION = YES_AGGRESSIVE;
				CLANG_CXX_LANGUAGE_STANDARD = "gnu++20";
				CLANG_ENABLE_MODULES = YES;
				CLANG_ENABLE_OBJC_ARC = YES;
				CLANG_ENABLE_OBJC_WEAK = YES;
				CLANG_WARN_BLOCK_CAPTURE_AUTORELEASING = YES;
				CLANG_WARN_BOOL_CONVERSION = YES;
				CLANG_WARN_COMMA = YES;
				CLANG_WARN_CONSTANT_CONVERSION = YES;
				CLANG_WARN_DEPRECATED_OBJC_IMPLEMENTATIONS = YES;
				CLANG_WARN_DIRECT_OBJC_ISA_USAGE = YES_ERROR;
				CLANG_WARN_DOCUMENTATION_COMMENTS = YES;
				CLANG_WARN_EMPTY_BODY = YES;
				CLANG_WARN_ENUM_CONVERSION = YES;
				CLANG_WARN_INFINITE_RECURSION = YES;
				CLANG_WARN_INT_CONVERSION = YES;
				CLANG_WARN_NON_LITERAL_NULL_CONVERSION = YES;
				CLANG_WARN_OBJC_IMPLICIT_RETAIN_SELF = YES;
				CLANG_WARN_OBJC_LITERAL_CONVERSION = YES;
				CLANG_WARN_OBJC_ROOT_CLASS = YES_ERROR;
				CLANG_WARN_QUOTED_INCLUDE_IN_FRAMEWORK_HEADER = YES;
				CLANG_WARN_RANGE_LOOP_ANALYSIS = YES;
				CLANG_WARN_STRICT_PROTOTYPES = YES;
				CLANG_WARN_SUSPICIOUS_MOVE = YES;
				CLANG_WARN_UNGUARDED_AVAILABILITY = YES_AGGRESSIVE;
				CLANG_WARN_UNREACHABLE_CODE = YES;
				CLANG_WARN__DUPLICATE_METHOD_MATCH = YES;
				COPY_PHASE_STRIP = NO;
				DEBUG_INFORMATION_FORMAT = "dwarf-with-dsym";
				ENABLE_NS_ASSERTIONS = NO;
				ENABLE_STRICT_OBJC_MSGSEND = YES;
				ENABLE_USER_SCRIPT_SANDBOXING = YES;
				GCC_C_LANGUAGE_STANDARD = gnu17;
				GCC_NO_COMMON_BLOCKS = YES;
				GCC_WARN_64_TO_32_BIT_CONVERSION = YES;
				GCC_WARN_ABOUT_RETURN_TYPE = YES_ERROR;
				GCC_WARN_UNDECLARED_SELECTOR = YES;
				GCC_WARN_UNINITIALIZED_AUTOS = YES_AGGRESSIVE;
				GCC_WARN_UNUSED_FUNCTION = YES;
				GCC_WARN_UNUSED_VARIABLE = YES;
				IPHONEOS_DEPLOYMENT_TARGET = 18.1;
				LOCALIZATION_PREFERS_STRING_CATALOGS = YES;
				MTL_ENABLE_DEBUG_INFO = NO;
				MTL_FAST_MATH = YES;
				SDKROOT = iphoneos;
				SWIFT_COMPILATION_MODE = wholemodule;
				VALIDATE_PRODUCT = YES;
			};
			name = Release;
		};
		B7B092142CD83E80002B6229 /* Debug */ = {
			isa = XCBuildConfiguration;
			buildSettings = {
				ASSETCATALOG_COMPILER_APPICON_NAME = AppIcon;
				ASSETCATALOG_COMPILER_GLOBAL_ACCENT_COLOR_NAME = AccentColor;
				CODE_SIGN_STYLE = Automatic;
				CURRENT_PROJECT_VERSION = 1;
				DEVELOPMENT_ASSET_PATHS = "\"MealRater/Preview Content\"";
				ENABLE_PREVIEWS = YES;
				GENERATE_INFOPLIST_FILE = YES;
				INFOPLIST_KEY_UIApplicationSceneManifest_Generation = YES;
				INFOPLIST_KEY_UIApplicationSupportsIndirectInputEvents = YES;
				INFOPLIST_KEY_UILaunchScreen_Generation = YES;
				INFOPLIST_KEY_UISupportedInterfaceOrientations_iPad = "UIInterfaceOrientationPortrait UIInterfaceOrientationPortraitUpsideDown UIInterfaceOrientationLandscapeLeft UIInterfaceOrientationLandscapeRight";
				INFOPLIST_KEY_UISupportedInterfaceOrientations_iPhone = "UIInterfaceOrientationPortrait UIInterfaceOrientationLandscapeLeft UIInterfaceOrientationLandscapeRight";
				LD_RUNPATH_SEARCH_PATHS = (
					"$(inherited)",
					"@executable_path/Frameworks",
				);
				MARKETING_VERSION = 1.0;
				PRODUCT_BUNDLE_IDENTIFIER = come.mywork.MealRater;
				PRODUCT_NAME = "$(TARGET_NAME)";
				SWIFT_EMIT_LOC_STRINGS = YES;
				SWIFT_VERSION = 5.0;
				TARGETED_DEVICE_FAMILY = "1,2";
			};
			name = Debug;
		};
		B7B092152CD83E80002B6229 /* Release */ = {
			isa = XCBuildConfiguration;
			buildSettings = {
				ASSETCATALOG_COMPILER_APPICON_NAME = AppIcon;
				ASSETCATALOG_COMPILER_GLOBAL_ACCENT_COLOR_NAME = AccentColor;
				CODE_SIGN_STYLE = Automatic;
				CURRENT_PROJECT_VERSION = 1;
				DEVELOPMENT_ASSET_PATHS = "\"MealRater/Preview Content\"";
				ENABLE_PREVIEWS = YES;
				GENERATE_INFOPLIST_FILE = YES;
				INFOPLIST_KEY_UIApplicationSceneManifest_Generation = YES;
				INFOPLIST_KEY_UIApplicationSupportsIndirectInputEvents = YES;
				INFOPLIST_KEY_UILaunchScreen_Generation = YES;
				INFOPLIST_KEY_UISupportedInterfaceOrientations_iPad = "UIInterfaceOrientationPortrait UIInterfaceOrientationPortraitUpsideDown UIInterfaceOrientationLandscapeLeft UIInterfaceOrientationLandscapeRight";
				INFOPLIST_KEY_UISupportedInterfaceOrientations_iPhone = "UIInterfaceOrientationPortrait UIInterfaceOrientationLandscapeLeft UIInterfaceOrientationLandscapeRight";
				LD_RUNPATH_SEARCH_PATHS = (
					"$(inherited)",
					"@executable_path/Frameworks",
				);
				MARKETING_VERSION = 1.0;
				PRODUCT_BUNDLE_IDENTIFIER = come.mywork.MealRater;
				PRODUCT_NAME = "$(TARGET_NAME)";
				SWIFT_EMIT_LOC_STRINGS = YES;
				SWIFT_VERSION = 5.0;
				TARGETED_DEVICE_FAMILY = "1,2";
			};
			name = Release;
		};
		B7B092172CD83E80002B6229 /* Debug */ = {
			isa = XCBuildConfiguration;
			buildSettings = {
				BUNDLE_LOADER = "$(TEST_HOST)";
				CODE_SIGN_STYLE = Automatic;
				CURRENT_PROJECT_VERSION = 1;
				GENERATE_INFOPLIST_FILE = YES;
				IPHONEOS_DEPLOYMENT_TARGET = 18.1;
				MARKETING_VERSION = 1.0;
				PRODUCT_BUNDLE_IDENTIFIER = come.mywork.MealRaterTests;
				PRODUCT_NAME = "$(TARGET_NAME)";
				SWIFT_EMIT_LOC_STRINGS = NO;
				SWIFT_VERSION = 5.0;
				TARGETED_DEVICE_FAMILY = "1,2";
				TEST_HOST = "$(BUILT_PRODUCTS_DIR)/MealRater.app/$(BUNDLE_EXECUTABLE_FOLDER_PATH)/MealRater";
			};
			name = Debug;
		};
		B7B092182CD83E80002B6229 /* Release */ = {
			isa = XCBuildConfiguration;
			buildSettings = {
				BUNDLE_LOADER = "$(TEST_HOST)";
				CODE_SIGN_STYLE = Automatic;
				CURRENT_PROJECT_VERSION = 1;
				GENERATE_INFOPLIST_FILE = YES;
				IPHONEOS_DEPLOYMENT_TARGET = 18.1;
				MARKETING_VERSION = 1.0;
				PRODUCT_BUNDLE_IDENTIFIER = come.mywork.MealRaterTests;
				PRODUCT_NAME = "$(TARGET_NAME)";
				SWIFT_EMIT_LOC_STRINGS = NO;
				SWIFT_VERSION = 5.0;
				TARGETED_DEVICE_FAMILY = "1,2";
				TEST_HOST = "$(BUILT_PRODUCTS_DIR)/MealRater.app/$(BUNDLE_EXECUTABLE_FOLDER_PATH)/MealRater";
			};
			name = Release;
		};
		B7B0921A2CD83E80002B6229 /* Debug */ = {
			isa = XCBuildConfiguration;
			buildSettings = {
				CODE_SIGN_STYLE = Automatic;
				CURRENT_PROJECT_VERSION = 1;
				GENERATE_INFOPLIST_FILE = YES;
				MARKETING_VERSION = 1.0;
				PRODUCT_BUNDLE_IDENTIFIER = come.mywork.MealRaterUITests;
				PRODUCT_NAME = "$(TARGET_NAME)";
				SWIFT_EMIT_LOC_STRINGS = NO;
				SWIFT_VERSION = 5.0;
				TARGETED_DEVICE_FAMILY = "1,2";
				TEST_TARGET_NAME = MealRater;
			};
			name = Debug;
		};
		B7B0921B2CD83E80002B6229 /* Release */ = {
			isa = XCBuildConfiguration;
			buildSettings = {
				CODE_SIGN_STYLE = Automatic;
				CURRENT_PROJECT_VERSION = 1;
				GENERATE_INFOPLIST_FILE = YES;
				MARKETING_VERSION = 1.0;
				PRODUCT_BUNDLE_IDENTIFIER = come.mywork.MealRaterUITests;
				PRODUCT_NAME = "$(TARGET_NAME)";
				SWIFT_EMIT_LOC_STRINGS = NO;
				SWIFT_VERSION = 5.0;
				TARGETED_DEVICE_FAMILY = "1,2";
				TEST_TARGET_NAME = MealRater;
			};
			name = Release;
		};
/* End XCBuildConfiguration section */

/* Begin XCConfigurationList section */
		B7B091EA2CD83E7E002B6229 /* Build configuration list for PBXProject "MealRater" */ = {
			isa = XCConfigurationList;
			buildConfigurations = (
				B7B092112CD83E80002B6229 /* Debug */,
				B7B092122CD83E80002B6229 /* Release */,
			);
			defaultConfigurationIsVisible = 0;
			defaultConfigurationName = Release;
		};
		B7B092132CD83E80002B6229 /* Build configuration list for PBXNativeTarget "MealRater" */ = {
			isa = XCConfigurationList;
			buildConfigurations = (
				B7B092142CD83E80002B6229 /* Debug */,
				B7B092152CD83E80002B6229 /* Release */,
			);
			defaultConfigurationIsVisible = 0;
			defaultConfigurationName = Release;
		};
		B7B092162CD83E80002B6229 /* Build configuration list for PBXNativeTarget "MealRaterTests" */ = {
			isa = XCConfigurationList;
			buildConfigurations = (
				B7B092172CD83E80002B6229 /* Debug */,
				B7B092182CD83E80002B6229 /* Release */,
			);
			defaultConfigurationIsVisible = 0;
			defaultConfigurationName = Release;
		};
		B7B092192CD83E80002B6229 /* Build configuration list for PBXNativeTarget "MealRaterUITests" */ = {
			isa = XCConfigurationList;
			buildConfigurations = (
				B7B0921A2CD83E80002B6229 /* Debug */,
				B7B0921B2CD83E80002B6229 /* Release */,
			);
			defaultConfigurationIsVisible = 0;
			defaultConfigurationName = Release;
		};
/* End XCConfigurationList section */
	};
	rootObject = B7B091E72CD83E7E002B6229 /* Project object */;
}
